dependencies:
  idf:
    component_hash: null
    source:
      type: idf
    version: 5.1.1
  protocol_examples_common:
    component_hash: null
    source:
      path: C:\Users\benja\esp\esp-idf\examples\common_components\protocol_examples_common
      type: local
    version: '*'
manifest_hash: c4ea9e869dd91da131d08ed27690f57f9d731deda576d41e6d9ca726c840d596
target: esp32
version: 1.0.0
